// !$*UTF8*$!
{
	archiveVersion = 1;
	classes = {
	};
	objectVersion = 56;
	objects = {

/* Begin PBXBuildFile section */
		3510B2BF2A5E68EB00ADAD10 /* YumemiWeather in Frameworks */ = {isa = PBXBuildFile; productRef = 3510B2BE2A5E68EB00ADAD10 /* YumemiWeather */; };
		351DE9E52AD8EA1200227215 /* FetchTaskManager.swift in Sources */ = {isa = PBXBuildFile; fileRef = 351DE9E42AD8EA1200227215 /* FetchTaskManager.swift */; };
		353A7C312A5D33840038391A /* SwiftFormat in Frameworks */ = {isa = PBXBuildFile; productRef = 353A7C302A5D33840038391A /* SwiftFormat */; };
		3557CCA72AD64B85003575C5 /* AreaWeatherRow.swift in Sources */ = {isa = PBXBuildFile; fileRef = 3557CCA62AD64B85003575C5 /* AreaWeatherRow.swift */; };
		356626F12AE2507100466C7E /* FetchStateMachine.swift in Sources */ = {isa = PBXBuildFile; fileRef = 356626F02AE2507100466C7E /* FetchStateMachine.swift */; };
		357FE9482A5EA08100F02DA9 /* Weather.swift in Sources */ = {isa = PBXBuildFile; fileRef = 357FE9472A5EA08100F02DA9 /* Weather.swift */; };
		35A342A92ADFD588003FE3BF /* Result+Extension.swift in Sources */ = {isa = PBXBuildFile; fileRef = 35A342A82ADFD588003FE3BF /* Result+Extension.swift */; };
		35C87E692ACFB07B00121349 /* AreaWeatherDetailView.swift in Sources */ = {isa = PBXBuildFile; fileRef = 35C87E682ACFB07B00121349 /* AreaWeatherDetailView.swift */; };
		35C87E6B2ACFB4C100121349 /* AreaWeather.swift in Sources */ = {isa = PBXBuildFile; fileRef = 35C87E6A2ACFB4C100121349 /* AreaWeather.swift */; };
		35CF2A282A5FC66D001D6E24 /* WeatherAPIImpl.swift in Sources */ = {isa = PBXBuildFile; fileRef = 35CF2A272A5FC66D001D6E24 /* WeatherAPIImpl.swift */; };
		35DB58D22A5BB42900EFF284 /* iOS_trainingApp.swift in Sources */ = {isa = PBXBuildFile; fileRef = 35DB58D12A5BB42900EFF284 /* iOS_trainingApp.swift */; };
		35DB58D42A5BB42900EFF284 /* ContentView.swift in Sources */ = {isa = PBXBuildFile; fileRef = 35DB58D32A5BB42900EFF284 /* ContentView.swift */; };
		35DB58D62A5BB42C00EFF284 /* Assets.xcassets in Resources */ = {isa = PBXBuildFile; fileRef = 35DB58D52A5BB42C00EFF284 /* Assets.xcassets */; };
		35DB58D92A5BB42C00EFF284 /* Preview Assets.xcassets in Resources */ = {isa = PBXBuildFile; fileRef = 35DB58D82A5BB42C00EFF284 /* Preview Assets.xcassets */; };
		35DB58E32A5BB42C00EFF284 /* iOS_trainingTests.swift in Sources */ = {isa = PBXBuildFile; fileRef = 35DB58E22A5BB42C00EFF284 /* iOS_trainingTests.swift */; };
		35DB58ED2A5BB42C00EFF284 /* iOS_trainingUITests.swift in Sources */ = {isa = PBXBuildFile; fileRef = 35DB58EC2A5BB42C00EFF284 /* iOS_trainingUITests.swift */; };
		35DB58EF2A5BB42C00EFF284 /* iOS_trainingUITestsLaunchTests.swift in Sources */ = {isa = PBXBuildFile; fileRef = 35DB58EE2A5BB42C00EFF284 /* iOS_trainingUITestsLaunchTests.swift */; };
		35DD0CD12AC68C8F0083A461 /* WeatherAPIStub.swift in Sources */ = {isa = PBXBuildFile; fileRef = 35DD0CD02AC68C8F0083A461 /* WeatherAPIStub.swift */; };
		35DD0CD42AC694D00083A461 /* InlineSnapshotTesting in Frameworks */ = {isa = PBXBuildFile; productRef = 35DD0CD32AC694D00083A461 /* InlineSnapshotTesting */; };
		35DD0CD62AC694D00083A461 /* SnapshotTesting in Frameworks */ = {isa = PBXBuildFile; productRef = 35DD0CD52AC694D00083A461 /* SnapshotTesting */; };
		35DD0CD82AC698720083A461 /* ios_trainingSnapshotTests.swift in Sources */ = {isa = PBXBuildFile; fileRef = 35DD0CD72AC698720083A461 /* ios_trainingSnapshotTests.swift */; };
		35FA06AB2A60D759000A99D7 /* WeatherInfo.swift in Sources */ = {isa = PBXBuildFile; fileRef = 35FA06AA2A60D759000A99D7 /* WeatherInfo.swift */; };
		35FA06AE2A610BD4000A99D7 /* WeatherIcon.swift in Sources */ = {isa = PBXBuildFile; fileRef = 35FA06AD2A610BD4000A99D7 /* WeatherIcon.swift */; };
		35FD89602AC3EC5E002E6D69 /* WeatherAPI.swift in Sources */ = {isa = PBXBuildFile; fileRef = 35FD895F2AC3EC5E002E6D69 /* WeatherAPI.swift */; };
/* End PBXBuildFile section */

/* Begin PBXContainerItemProxy section */
		35DB58DF2A5BB42C00EFF284 /* PBXContainerItemProxy */ = {
			isa = PBXContainerItemProxy;
			containerPortal = 35DB58C62A5BB42900EFF284 /* Project object */;
			proxyType = 1;
			remoteGlobalIDString = 35DB58CD2A5BB42900EFF284;
			remoteInfo = "iOS-training";
		};
		35DB58E92A5BB42C00EFF284 /* PBXContainerItemProxy */ = {
			isa = PBXContainerItemProxy;
			containerPortal = 35DB58C62A5BB42900EFF284 /* Project object */;
			proxyType = 1;
			remoteGlobalIDString = 35DB58CD2A5BB42900EFF284;
			remoteInfo = "iOS-training";
		};
/* End PBXContainerItemProxy section */

/* Begin PBXFileReference section */
		351DE9E42AD8EA1200227215 /* FetchTaskManager.swift */ = {isa = PBXFileReference; lastKnownFileType = sourcecode.swift; path = FetchTaskManager.swift; sourceTree = "<group>"; };
		3557CCA62AD64B85003575C5 /* AreaWeatherRow.swift */ = {isa = PBXFileReference; lastKnownFileType = sourcecode.swift; path = AreaWeatherRow.swift; sourceTree = "<group>"; };
		356626F02AE2507100466C7E /* FetchStateMachine.swift */ = {isa = PBXFileReference; lastKnownFileType = sourcecode.swift; path = FetchStateMachine.swift; sourceTree = "<group>"; };
		357FE9472A5EA08100F02DA9 /* Weather.swift */ = {isa = PBXFileReference; lastKnownFileType = sourcecode.swift; path = Weather.swift; sourceTree = "<group>"; };
		35A342A82ADFD588003FE3BF /* Result+Extension.swift */ = {isa = PBXFileReference; lastKnownFileType = sourcecode.swift; path = "Result+Extension.swift"; sourceTree = "<group>"; };
		35C87E682ACFB07B00121349 /* AreaWeatherDetailView.swift */ = {isa = PBXFileReference; lastKnownFileType = sourcecode.swift; path = AreaWeatherDetailView.swift; sourceTree = "<group>"; };
		35C87E6A2ACFB4C100121349 /* AreaWeather.swift */ = {isa = PBXFileReference; lastKnownFileType = sourcecode.swift; path = AreaWeather.swift; sourceTree = "<group>"; };
		35CF2A272A5FC66D001D6E24 /* WeatherAPIImpl.swift */ = {isa = PBXFileReference; lastKnownFileType = sourcecode.swift; path = WeatherAPIImpl.swift; sourceTree = "<group>"; };
		35DB58CE2A5BB42900EFF284 /* iOS-training.app */ = {isa = PBXFileReference; explicitFileType = wrapper.application; includeInIndex = 0; path = "iOS-training.app"; sourceTree = BUILT_PRODUCTS_DIR; };
		35DB58D12A5BB42900EFF284 /* iOS_trainingApp.swift */ = {isa = PBXFileReference; lastKnownFileType = sourcecode.swift; path = iOS_trainingApp.swift; sourceTree = "<group>"; };
		35DB58D32A5BB42900EFF284 /* ContentView.swift */ = {isa = PBXFileReference; lastKnownFileType = sourcecode.swift; path = ContentView.swift; sourceTree = "<group>"; };
		35DB58D52A5BB42C00EFF284 /* Assets.xcassets */ = {isa = PBXFileReference; lastKnownFileType = folder.assetcatalog; path = Assets.xcassets; sourceTree = "<group>"; };
		35DB58D82A5BB42C00EFF284 /* Preview Assets.xcassets */ = {isa = PBXFileReference; lastKnownFileType = folder.assetcatalog; path = "Preview Assets.xcassets"; sourceTree = "<group>"; };
		35DB58DE2A5BB42C00EFF284 /* iOS-trainingTests.xctest */ = {isa = PBXFileReference; explicitFileType = wrapper.cfbundle; includeInIndex = 0; path = "iOS-trainingTests.xctest"; sourceTree = BUILT_PRODUCTS_DIR; };
		35DB58E22A5BB42C00EFF284 /* iOS_trainingTests.swift */ = {isa = PBXFileReference; lastKnownFileType = sourcecode.swift; path = iOS_trainingTests.swift; sourceTree = "<group>"; };
		35DB58E82A5BB42C00EFF284 /* iOS-trainingUITests.xctest */ = {isa = PBXFileReference; explicitFileType = wrapper.cfbundle; includeInIndex = 0; path = "iOS-trainingUITests.xctest"; sourceTree = BUILT_PRODUCTS_DIR; };
		35DB58EC2A5BB42C00EFF284 /* iOS_trainingUITests.swift */ = {isa = PBXFileReference; lastKnownFileType = sourcecode.swift; path = iOS_trainingUITests.swift; sourceTree = "<group>"; };
		35DB58EE2A5BB42C00EFF284 /* iOS_trainingUITestsLaunchTests.swift */ = {isa = PBXFileReference; lastKnownFileType = sourcecode.swift; path = iOS_trainingUITestsLaunchTests.swift; sourceTree = "<group>"; };
		35DD0CD02AC68C8F0083A461 /* WeatherAPIStub.swift */ = {isa = PBXFileReference; lastKnownFileType = sourcecode.swift; path = WeatherAPIStub.swift; sourceTree = "<group>"; };
		35DD0CD72AC698720083A461 /* ios_trainingSnapshotTests.swift */ = {isa = PBXFileReference; lastKnownFileType = sourcecode.swift; path = ios_trainingSnapshotTests.swift; sourceTree = "<group>"; };
		35FA06AA2A60D759000A99D7 /* WeatherInfo.swift */ = {isa = PBXFileReference; lastKnownFileType = sourcecode.swift; path = WeatherInfo.swift; sourceTree = "<group>"; };
		35FA06AD2A610BD4000A99D7 /* WeatherIcon.swift */ = {isa = PBXFileReference; lastKnownFileType = sourcecode.swift; path = WeatherIcon.swift; sourceTree = "<group>"; };
		35FD895F2AC3EC5E002E6D69 /* WeatherAPI.swift */ = {isa = PBXFileReference; lastKnownFileType = sourcecode.swift; path = WeatherAPI.swift; sourceTree = "<group>"; };
/* End PBXFileReference section */

/* Begin PBXFrameworksBuildPhase section */
		35DB58CB2A5BB42900EFF284 /* Frameworks */ = {
			isa = PBXFrameworksBuildPhase;
			buildActionMask = 2147483647;
			files = (
				353A7C312A5D33840038391A /* SwiftFormat in Frameworks */,
				3510B2BF2A5E68EB00ADAD10 /* YumemiWeather in Frameworks */,
			);
			runOnlyForDeploymentPostprocessing = 0;
		};
		35DB58DB2A5BB42C00EFF284 /* Frameworks */ = {
			isa = PBXFrameworksBuildPhase;
			buildActionMask = 2147483647;
			files = (
				35DD0CD42AC694D00083A461 /* InlineSnapshotTesting in Frameworks */,
				35DD0CD62AC694D00083A461 /* SnapshotTesting in Frameworks */,
			);
			runOnlyForDeploymentPostprocessing = 0;
		};
		35DB58E52A5BB42C00EFF284 /* Frameworks */ = {
			isa = PBXFrameworksBuildPhase;
			buildActionMask = 2147483647;
			files = (
			);
			runOnlyForDeploymentPostprocessing = 0;
		};
/* End PBXFrameworksBuildPhase section */

/* Begin PBXGroup section */
		351DE9E62AD8EC5E00227215 /* MediumModels */ = {
			isa = PBXGroup;
			children = (
				351DE9E42AD8EA1200227215 /* FetchTaskManager.swift */,
				356626F02AE2507100466C7E /* FetchStateMachine.swift */,
				35A342A82ADFD588003FE3BF /* Result+Extension.swift */,
			);
			path = MediumModels;
			sourceTree = "<group>";
		};
		3545784D2B075AA400C12D58 /* Views */ = {
			isa = PBXGroup;
			children = (
				35DB58D32A5BB42900EFF284 /* ContentView.swift */,
				3557CCA62AD64B85003575C5 /* AreaWeatherRow.swift */,
				35C87E682ACFB07B00121349 /* AreaWeatherDetailView.swift */,
				35FA06AD2A610BD4000A99D7 /* WeatherIcon.swift */,
			);
			path = Views;
			sourceTree = "<group>";
		};
		357FE9462A5EA05F00F02DA9 /* CoreModels */ = {
			isa = PBXGroup;
			children = (
				357FE9472A5EA08100F02DA9 /* Weather.swift */,
				35FD895F2AC3EC5E002E6D69 /* WeatherAPI.swift */,
				35CF2A272A5FC66D001D6E24 /* WeatherAPIImpl.swift */,
				35FA06AA2A60D759000A99D7 /* WeatherInfo.swift */,
				35C87E6A2ACFB4C100121349 /* AreaWeather.swift */,
			);
			path = CoreModels;
			sourceTree = "<group>";
		};
		35DB58C52A5BB42900EFF284 = {
			isa = PBXGroup;
			children = (
				35DB58D02A5BB42900EFF284 /* iOS-training */,
				35DB58E12A5BB42C00EFF284 /* iOS-trainingTests */,
				35DB58EB2A5BB42C00EFF284 /* iOS-trainingUITests */,
				35DB58CF2A5BB42900EFF284 /* Products */,
			);
			sourceTree = "<group>";
		};
		35DB58CF2A5BB42900EFF284 /* Products */ = {
			isa = PBXGroup;
			children = (
				35DB58CE2A5BB42900EFF284 /* iOS-training.app */,
				35DB58DE2A5BB42C00EFF284 /* iOS-trainingTests.xctest */,
				35DB58E82A5BB42C00EFF284 /* iOS-trainingUITests.xctest */,
			);
			name = Products;
			sourceTree = "<group>";
		};
		35DB58D02A5BB42900EFF284 /* iOS-training */ = {
			isa = PBXGroup;
			children = (
				35DB58D12A5BB42900EFF284 /* iOS_trainingApp.swift */,
				3545784D2B075AA400C12D58 /* Views */,
				351DE9E62AD8EC5E00227215 /* MediumModels */,
				357FE9462A5EA05F00F02DA9 /* CoreModels */,
				35DB58D52A5BB42C00EFF284 /* Assets.xcassets */,
				35DB58D72A5BB42C00EFF284 /* Preview Content */,
			);
			path = "iOS-training";
			sourceTree = "<group>";
		};
		35DB58D72A5BB42C00EFF284 /* Preview Content */ = {
			isa = PBXGroup;
			children = (
				35DB58D82A5BB42C00EFF284 /* Preview Assets.xcassets */,
				35DD0CD02AC68C8F0083A461 /* WeatherAPIStub.swift */,
			);
			path = "Preview Content";
			sourceTree = "<group>";
		};
		35DB58E12A5BB42C00EFF284 /* iOS-trainingTests */ = {
			isa = PBXGroup;
			children = (
				35DB58E22A5BB42C00EFF284 /* iOS_trainingTests.swift */,
				35DD0CD72AC698720083A461 /* ios_trainingSnapshotTests.swift */,
			);
			path = "iOS-trainingTests";
			sourceTree = "<group>";
		};
		35DB58EB2A5BB42C00EFF284 /* iOS-trainingUITests */ = {
			isa = PBXGroup;
			children = (
				35DB58EC2A5BB42C00EFF284 /* iOS_trainingUITests.swift */,
				35DB58EE2A5BB42C00EFF284 /* iOS_trainingUITestsLaunchTests.swift */,
			);
			path = "iOS-trainingUITests";
			sourceTree = "<group>";
		};
/* End PBXGroup section */

/* Begin PBXNativeTarget section */
		35DB58CD2A5BB42900EFF284 /* iOS-training */ = {
			isa = PBXNativeTarget;
			buildConfigurationList = 35DB58F22A5BB42C00EFF284 /* Build configuration list for PBXNativeTarget "iOS-training" */;
			buildPhases = (
				35C87E672AC6BAFA00121349 /* SwiftFormat-Lint */,
				35DB58CA2A5BB42900EFF284 /* Sources */,
				35DB58CB2A5BB42900EFF284 /* Frameworks */,
				35DB58CC2A5BB42900EFF284 /* Resources */,
			);
			buildRules = (
			);
			dependencies = (
			);
			name = "iOS-training";
			packageProductDependencies = (
				353A7C302A5D33840038391A /* SwiftFormat */,
				3510B2BE2A5E68EB00ADAD10 /* YumemiWeather */,
			);
			productName = "iOS-training";
			productReference = 35DB58CE2A5BB42900EFF284 /* iOS-training.app */;
			productType = "com.apple.product-type.application";
		};
		35DB58DD2A5BB42C00EFF284 /* iOS-trainingTests */ = {
			isa = PBXNativeTarget;
			buildConfigurationList = 35DB58F52A5BB42C00EFF284 /* Build configuration list for PBXNativeTarget "iOS-trainingTests" */;
			buildPhases = (
				35DB58DA2A5BB42C00EFF284 /* Sources */,
				35DB58DB2A5BB42C00EFF284 /* Frameworks */,
				35DB58DC2A5BB42C00EFF284 /* Resources */,
			);
			buildRules = (
			);
			dependencies = (
				35DB58E02A5BB42C00EFF284 /* PBXTargetDependency */,
			);
			name = "iOS-trainingTests";
			packageProductDependencies = (
				35DD0CD32AC694D00083A461 /* InlineSnapshotTesting */,
				35DD0CD52AC694D00083A461 /* SnapshotTesting */,
			);
			productName = "iOS-trainingTests";
			productReference = 35DB58DE2A5BB42C00EFF284 /* iOS-trainingTests.xctest */;
			productType = "com.apple.product-type.bundle.unit-test";
		};
		35DB58E72A5BB42C00EFF284 /* iOS-trainingUITests */ = {
			isa = PBXNativeTarget;
			buildConfigurationList = 35DB58F82A5BB42C00EFF284 /* Build configuration list for PBXNativeTarget "iOS-trainingUITests" */;
			buildPhases = (
				35DB58E42A5BB42C00EFF284 /* Sources */,
				35DB58E52A5BB42C00EFF284 /* Frameworks */,
				35DB58E62A5BB42C00EFF284 /* Resources */,
			);
			buildRules = (
			);
			dependencies = (
				35DB58EA2A5BB42C00EFF284 /* PBXTargetDependency */,
			);
			name = "iOS-trainingUITests";
			productName = "iOS-trainingUITests";
			productReference = 35DB58E82A5BB42C00EFF284 /* iOS-trainingUITests.xctest */;
			productType = "com.apple.product-type.bundle.ui-testing";
		};
/* End PBXNativeTarget section */

/* Begin PBXProject section */
		35DB58C62A5BB42900EFF284 /* Project object */ = {
			isa = PBXProject;
			attributes = {
				BuildIndependentTargetsInParallel = 1;
				LastSwiftUpdateCheck = 1500;
				LastUpgradeCheck = 1500;
				TargetAttributes = {
					35DB58CD2A5BB42900EFF284 = {
						CreatedOnToolsVersion = 15.0;
					};
					35DB58DD2A5BB42C00EFF284 = {
						CreatedOnToolsVersion = 15.0;
						TestTargetID = 35DB58CD2A5BB42900EFF284;
					};
					35DB58E72A5BB42C00EFF284 = {
						CreatedOnToolsVersion = 15.0;
						TestTargetID = 35DB58CD2A5BB42900EFF284;
					};
				};
			};
			buildConfigurationList = 35DB58C92A5BB42900EFF284 /* Build configuration list for PBXProject "iOS-training" */;
			compatibilityVersion = "Xcode 14.0";
			developmentRegion = en;
			hasScannedForEncodings = 0;
			knownRegions = (
				en,
				Base,
			);
			mainGroup = 35DB58C52A5BB42900EFF284;
			packageReferences = (
				353A7C2F2A5D33840038391A /* XCRemoteSwiftPackageReference "SwiftFormat" */,
				3510B2BD2A5E68EB00ADAD10 /* XCRemoteSwiftPackageReference "ios-training" */,
				35DD0CD22AC694D00083A461 /* XCRemoteSwiftPackageReference "swift-snapshot-testing" */,
			);
			productRefGroup = 35DB58CF2A5BB42900EFF284 /* Products */;
			projectDirPath = "";
			projectRoot = "";
			targets = (
				35DB58CD2A5BB42900EFF284 /* iOS-training */,
				35DB58DD2A5BB42C00EFF284 /* iOS-trainingTests */,
				35DB58E72A5BB42C00EFF284 /* iOS-trainingUITests */,
			);
		};
/* End PBXProject section */

/* Begin PBXResourcesBuildPhase section */
		35DB58CC2A5BB42900EFF284 /* Resources */ = {
			isa = PBXResourcesBuildPhase;
			buildActionMask = 2147483647;
			files = (
				35DB58D92A5BB42C00EFF284 /* Preview Assets.xcassets in Resources */,
				35DB58D62A5BB42C00EFF284 /* Assets.xcassets in Resources */,
			);
			runOnlyForDeploymentPostprocessing = 0;
		};
		35DB58DC2A5BB42C00EFF284 /* Resources */ = {
			isa = PBXResourcesBuildPhase;
			buildActionMask = 2147483647;
			files = (
			);
			runOnlyForDeploymentPostprocessing = 0;
		};
		35DB58E62A5BB42C00EFF284 /* Resources */ = {
			isa = PBXResourcesBuildPhase;
			buildActionMask = 2147483647;
			files = (
			);
			runOnlyForDeploymentPostprocessing = 0;
		};
/* End PBXResourcesBuildPhase section */

/* Begin PBXShellScriptBuildPhase section */
		35C87E672AC6BAFA00121349 /* SwiftFormat-Lint */ = {
			isa = PBXShellScriptBuildPhase;
			alwaysOutOfDate = 1;
			buildActionMask = 2147483647;
			files = (
			);
			inputFileListPaths = (
			);
			inputPaths = (
			);
			name = "SwiftFormat-Lint";
			outputFileListPaths = (
			);
			outputPaths = (
			);
			runOnlyForDeploymentPostprocessing = 0;
			shellPath = /bin/sh;
			shellScript = "cd BuildTools\nSDKROOT=(xcrun --sdk macosx --show-sdk-path)\n#swift package update #Uncomment this line temporarily to update the version used to the latest matching your BuildTools/Package.swift file\nswift run -c release swiftformat --lint \"$SRCROOT\"  \n";
		};
/* End PBXShellScriptBuildPhase section */

/* Begin PBXSourcesBuildPhase section */
		35DB58CA2A5BB42900EFF284 /* Sources */ = {
			isa = PBXSourcesBuildPhase;
			buildActionMask = 2147483647;
			files = (
				35CF2A282A5FC66D001D6E24 /* WeatherAPIImpl.swift in Sources */,
				35A342A92ADFD588003FE3BF /* Result+Extension.swift in Sources */,
				35C87E6B2ACFB4C100121349 /* AreaWeather.swift in Sources */,
				35C87E692ACFB07B00121349 /* AreaWeatherDetailView.swift in Sources */,
				3557CCA72AD64B85003575C5 /* AreaWeatherRow.swift in Sources */,
				35FA06AE2A610BD4000A99D7 /* WeatherIcon.swift in Sources */,
				356626F12AE2507100466C7E /* FetchStateMachine.swift in Sources */,
				35DD0CD12AC68C8F0083A461 /* WeatherAPIStub.swift in Sources */,
				35DB58D42A5BB42900EFF284 /* ContentView.swift in Sources */,
				35FA06AB2A60D759000A99D7 /* WeatherInfo.swift in Sources */,
				351DE9E52AD8EA1200227215 /* FetchTaskManager.swift in Sources */,
				35FD89602AC3EC5E002E6D69 /* WeatherAPI.swift in Sources */,
				35DB58D22A5BB42900EFF284 /* iOS_trainingApp.swift in Sources */,
				357FE9482A5EA08100F02DA9 /* Weather.swift in Sources */,
			);
			runOnlyForDeploymentPostprocessing = 0;
		};
		35DB58DA2A5BB42C00EFF284 /* Sources */ = {
			isa = PBXSourcesBuildPhase;
			buildActionMask = 2147483647;
			files = (
				35DB58E32A5BB42C00EFF284 /* iOS_trainingTests.swift in Sources */,
				35DD0CD82AC698720083A461 /* ios_trainingSnapshotTests.swift in Sources */,
			);
			runOnlyForDeploymentPostprocessing = 0;
		};
		35DB58E42A5BB42C00EFF284 /* Sources */ = {
			isa = PBXSourcesBuildPhase;
			buildActionMask = 2147483647;
			files = (
				35DB58EF2A5BB42C00EFF284 /* iOS_trainingUITestsLaunchTests.swift in Sources */,
				35DB58ED2A5BB42C00EFF284 /* iOS_trainingUITests.swift in Sources */,
			);
			runOnlyForDeploymentPostprocessing = 0;
		};
/* End PBXSourcesBuildPhase section */

/* Begin PBXTargetDependency section */
		35DB58E02A5BB42C00EFF284 /* PBXTargetDependency */ = {
			isa = PBXTargetDependency;
			target = 35DB58CD2A5BB42900EFF284 /* iOS-training */;
			targetProxy = 35DB58DF2A5BB42C00EFF284 /* PBXContainerItemProxy */;
		};
		35DB58EA2A5BB42C00EFF284 /* PBXTargetDependency */ = {
			isa = PBXTargetDependency;
			target = 35DB58CD2A5BB42900EFF284 /* iOS-training */;
			targetProxy = 35DB58E92A5BB42C00EFF284 /* PBXContainerItemProxy */;
		};
/* End PBXTargetDependency section */

/* Begin XCBuildConfiguration section */
		35DB58F02A5BB42C00EFF284 /* Debug */ = {
			isa = XCBuildConfiguration;
			buildSettings = {
				ALWAYS_SEARCH_USER_PATHS = NO;
				ASSETCATALOG_COMPILER_GENERATE_SWIFT_ASSET_SYMBOL_EXTENSIONS = YES;
				CLANG_ANALYZER_NONNULL = YES;
				CLANG_ANALYZER_NUMBER_OBJECT_CONVERSION = YES_AGGRESSIVE;
				CLANG_CXX_LANGUAGE_STANDARD = "gnu++20";
				CLANG_ENABLE_MODULES = YES;
				CLANG_ENABLE_OBJC_ARC = YES;
				CLANG_ENABLE_OBJC_WEAK = YES;
				CLANG_WARN_BLOCK_CAPTURE_AUTORELEASING = YES;
				CLANG_WARN_BOOL_CONVERSION = YES;
				CLANG_WARN_COMMA = YES;
				CLANG_WARN_CONSTANT_CONVERSION = YES;
				CLANG_WARN_DEPRECATED_OBJC_IMPLEMENTATIONS = YES;
				CLANG_WARN_DIRECT_OBJC_ISA_USAGE = YES_ERROR;
				CLANG_WARN_DOCUMENTATION_COMMENTS = YES;
				CLANG_WARN_EMPTY_BODY = YES;
				CLANG_WARN_ENUM_CONVERSION = YES;
				CLANG_WARN_INFINITE_RECURSION = YES;
				CLANG_WARN_INT_CONVERSION = YES;
				CLANG_WARN_NON_LITERAL_NULL_CONVERSION = YES;
				CLANG_WARN_OBJC_IMPLICIT_RETAIN_SELF = YES;
				CLANG_WARN_OBJC_LITERAL_CONVERSION = YES;
				CLANG_WARN_OBJC_ROOT_CLASS = YES_ERROR;
				CLANG_WARN_QUOTED_INCLUDE_IN_FRAMEWORK_HEADER = YES;
				CLANG_WARN_RANGE_LOOP_ANALYSIS = YES;
				CLANG_WARN_STRICT_PROTOTYPES = YES;
				CLANG_WARN_SUSPICIOUS_MOVE = YES;
				CLANG_WARN_UNGUARDED_AVAILABILITY = YES_AGGRESSIVE;
				CLANG_WARN_UNREACHABLE_CODE = YES;
				CLANG_WARN__DUPLICATE_METHOD_MATCH = YES;
				COPY_PHASE_STRIP = NO;
				DEBUG_INFORMATION_FORMAT = dwarf;
				ENABLE_STRICT_OBJC_MSGSEND = YES;
				ENABLE_TESTABILITY = YES;
				ENABLE_USER_SCRIPT_SANDBOXING = NO;
				GCC_C_LANGUAGE_STANDARD = gnu17;
				GCC_DYNAMIC_NO_PIC = NO;
				GCC_NO_COMMON_BLOCKS = YES;
				GCC_OPTIMIZATION_LEVEL = 0;
				GCC_PREPROCESSOR_DEFINITIONS = (
					"DEBUG=1",
					"$(inherited)",
				);
				GCC_WARN_64_TO_32_BIT_CONVERSION = YES;
				GCC_WARN_ABOUT_RETURN_TYPE = YES_ERROR;
				GCC_WARN_UNDECLARED_SELECTOR = YES;
				GCC_WARN_UNINITIALIZED_AUTOS = YES_AGGRESSIVE;
				GCC_WARN_UNUSED_FUNCTION = YES;
				GCC_WARN_UNUSED_VARIABLE = YES;
				IPHONEOS_DEPLOYMENT_TARGET = 17.0;
				LOCALIZATION_PREFERS_STRING_CATALOGS = YES;
				MTL_ENABLE_DEBUG_INFO = INCLUDE_SOURCE;
				MTL_FAST_MATH = YES;
				ONLY_ACTIVE_ARCH = YES;
				SDKROOT = iphoneos;
				SWIFT_ACTIVE_COMPILATION_CONDITIONS = "DEBUG $(inherited)";
				SWIFT_OPTIMIZATION_LEVEL = "-Onone";
			};
			name = Debug;
		};
		35DB58F12A5BB42C00EFF284 /* Release */ = {
			isa = XCBuildConfiguration;
			buildSettings = {
				ALWAYS_SEARCH_USER_PATHS = NO;
				ASSETCATALOG_COMPILER_GENERATE_SWIFT_ASSET_SYMBOL_EXTENSIONS = YES;
				CLANG_ANALYZER_NONNULL = YES;
				CLANG_ANALYZER_NUMBER_OBJECT_CONVERSION = YES_AGGRESSIVE;
				CLANG_CXX_LANGUAGE_STANDARD = "gnu++20";
				CLANG_ENABLE_MODULES = YES;
				CLANG_ENABLE_OBJC_ARC = YES;
				CLANG_ENABLE_OBJC_WEAK = YES;
				CLANG_WARN_BLOCK_CAPTURE_AUTORELEASING = YES;
				CLANG_WARN_BOOL_CONVERSION = YES;
				CLANG_WARN_COMMA = YES;
				CLANG_WARN_CONSTANT_CONVERSION = YES;
				CLANG_WARN_DEPRECATED_OBJC_IMPLEMENTATIONS = YES;
				CLANG_WARN_DIRECT_OBJC_ISA_USAGE = YES_ERROR;
				CLANG_WARN_DOCUMENTATION_COMMENTS = YES;
				CLANG_WARN_EMPTY_BODY = YES;
				CLANG_WARN_ENUM_CONVERSION = YES;
				CLANG_WARN_INFINITE_RECURSION = YES;
				CLANG_WARN_INT_CONVERSION = YES;
				CLANG_WARN_NON_LITERAL_NULL_CONVERSION = YES;
				CLANG_WARN_OBJC_IMPLICIT_RETAIN_SELF = YES;
				CLANG_WARN_OBJC_LITERAL_CONVERSION = YES;
				CLANG_WARN_OBJC_ROOT_CLASS = YES_ERROR;
				CLANG_WARN_QUOTED_INCLUDE_IN_FRAMEWORK_HEADER = YES;
				CLANG_WARN_RANGE_LOOP_ANALYSIS = YES;
				CLANG_WARN_STRICT_PROTOTYPES = YES;
				CLANG_WARN_SUSPICIOUS_MOVE = YES;
				CLANG_WARN_UNGUARDED_AVAILABILITY = YES_AGGRESSIVE;
				CLANG_WARN_UNREACHABLE_CODE = YES;
				CLANG_WARN__DUPLICATE_METHOD_MATCH = YES;
				COPY_PHASE_STRIP = NO;
				DEBUG_INFORMATION_FORMAT = "dwarf-with-dsym";
				ENABLE_NS_ASSERTIONS = NO;
				ENABLE_STRICT_OBJC_MSGSEND = YES;
				ENABLE_USER_SCRIPT_SANDBOXING = NO;
				GCC_C_LANGUAGE_STANDARD = gnu17;
				GCC_NO_COMMON_BLOCKS = YES;
				GCC_WARN_64_TO_32_BIT_CONVERSION = YES;
				GCC_WARN_ABOUT_RETURN_TYPE = YES_ERROR;
				GCC_WARN_UNDECLARED_SELECTOR = YES;
				GCC_WARN_UNINITIALIZED_AUTOS = YES_AGGRESSIVE;
				GCC_WARN_UNUSED_FUNCTION = YES;
				GCC_WARN_UNUSED_VARIABLE = YES;
				IPHONEOS_DEPLOYMENT_TARGET = 17.0;
				LOCALIZATION_PREFERS_STRING_CATALOGS = YES;
				MTL_ENABLE_DEBUG_INFO = NO;
				MTL_FAST_MATH = YES;
				SDKROOT = iphoneos;
				SWIFT_COMPILATION_MODE = wholemodule;
				VALIDATE_PRODUCT = YES;
			};
			name = Release;
		};
		35DB58F32A5BB42C00EFF284 /* Debug */ = {
			isa = XCBuildConfiguration;
			buildSettings = {
				ASSETCATALOG_COMPILER_APPICON_NAME = AppIcon;
				ASSETCATALOG_COMPILER_GLOBAL_ACCENT_COLOR_NAME = AccentColor;
				CODE_SIGN_STYLE = Automatic;
				CURRENT_PROJECT_VERSION = 1;
				DEVELOPMENT_ASSET_PATHS = "\"iOS-training/Preview Content\"";
				ENABLE_PREVIEWS = YES;
				GENERATE_INFOPLIST_FILE = YES;
				INFOPLIST_KEY_UIApplicationSceneManifest_Generation = YES;
				INFOPLIST_KEY_UIApplicationSupportsIndirectInputEvents = YES;
				INFOPLIST_KEY_UILaunchScreen_Generation = YES;
				INFOPLIST_KEY_UISupportedInterfaceOrientations_iPad = "UIInterfaceOrientationPortrait UIInterfaceOrientationPortraitUpsideDown UIInterfaceOrientationLandscapeLeft UIInterfaceOrientationLandscapeRight";
				INFOPLIST_KEY_UISupportedInterfaceOrientations_iPhone = "UIInterfaceOrientationPortrait UIInterfaceOrientationLandscapeLeft UIInterfaceOrientationLandscapeRight";
				LD_RUNPATH_SEARCH_PATHS = (
					"$(inherited)",
					"@executable_path/Frameworks",
				);
				MARKETING_VERSION = 1.0;
				PRODUCT_BUNDLE_IDENTIFIER = "com.kota1021.github.iOS-training";
				PRODUCT_NAME = "$(TARGET_NAME)";
				SWIFT_EMIT_LOC_STRINGS = YES;
				SWIFT_VERSION = 5.0;
				TARGETED_DEVICE_FAMILY = "1,2";
			};
			name = Debug;
		};
		35DB58F42A5BB42C00EFF284 /* Release */ = {
			isa = XCBuildConfiguration;
			buildSettings = {
				ASSETCATALOG_COMPILER_APPICON_NAME = AppIcon;
				ASSETCATALOG_COMPILER_GLOBAL_ACCENT_COLOR_NAME = AccentColor;
				CODE_SIGN_STYLE = Automatic;
				CURRENT_PROJECT_VERSION = 1;
				DEVELOPMENT_ASSET_PATHS = "\"iOS-training/Preview Content\"";
				ENABLE_PREVIEWS = YES;
				GENERATE_INFOPLIST_FILE = YES;
				INFOPLIST_KEY_UIApplicationSceneManifest_Generation = YES;
				INFOPLIST_KEY_UIApplicationSupportsIndirectInputEvents = YES;
				INFOPLIST_KEY_UILaunchScreen_Generation = YES;
				INFOPLIST_KEY_UISupportedInterfaceOrientations_iPad = "UIInterfaceOrientationPortrait UIInterfaceOrientationPortraitUpsideDown UIInterfaceOrientationLandscapeLeft UIInterfaceOrientationLandscapeRight";
				INFOPLIST_KEY_UISupportedInterfaceOrientations_iPhone = "UIInterfaceOrientationPortrait UIInterfaceOrientationLandscapeLeft UIInterfaceOrientationLandscapeRight";
				LD_RUNPATH_SEARCH_PATHS = (
					"$(inherited)",
					"@executable_path/Frameworks",
				);
				MARKETING_VERSION = 1.0;
				PRODUCT_BUNDLE_IDENTIFIER = "com.kota1021.github.iOS-training";
				PRODUCT_NAME = "$(TARGET_NAME)";
				SWIFT_EMIT_LOC_STRINGS = YES;
				SWIFT_VERSION = 5.0;
				TARGETED_DEVICE_FAMILY = "1,2";
			};
			name = Release;
		};
		35DB58F62A5BB42C00EFF284 /* Debug */ = {
			isa = XCBuildConfiguration;
			buildSettings = {
				ALWAYS_EMBED_SWIFT_STANDARD_LIBRARIES = YES;
				BUNDLE_LOADER = "$(TEST_HOST)";
				CODE_SIGN_STYLE = Automatic;
				CURRENT_PROJECT_VERSION = 1;
				GENERATE_INFOPLIST_FILE = YES;
				IPHONEOS_DEPLOYMENT_TARGET = 17.0;
				MARKETING_VERSION = 1.0;
				PRODUCT_BUNDLE_IDENTIFIER = "com.kota1021.github.iOS-trainingTests";
				PRODUCT_NAME = "$(TARGET_NAME)";
				SWIFT_EMIT_LOC_STRINGS = NO;
				SWIFT_VERSION = 5.0;
				TARGETED_DEVICE_FAMILY = "1,2";
				TEST_HOST = "$(BUILT_PRODUCTS_DIR)/iOS-training.app/$(BUNDLE_EXECUTABLE_FOLDER_PATH)/iOS-training";
			};
			name = Debug;
		};
		35DB58F72A5BB42C00EFF284 /* Release */ = {
			isa = XCBuildConfiguration;
			buildSettings = {
				ALWAYS_EMBED_SWIFT_STANDARD_LIBRARIES = YES;
				BUNDLE_LOADER = "$(TEST_HOST)";
				CODE_SIGN_STYLE = Automatic;
				CURRENT_PROJECT_VERSION = 1;
				GENERATE_INFOPLIST_FILE = YES;
				IPHONEOS_DEPLOYMENT_TARGET = 17.0;
				MARKETING_VERSION = 1.0;
				PRODUCT_BUNDLE_IDENTIFIER = "com.kota1021.github.iOS-trainingTests";
				PRODUCT_NAME = "$(TARGET_NAME)";
				SWIFT_EMIT_LOC_STRINGS = NO;
				SWIFT_VERSION = 5.0;
				TARGETED_DEVICE_FAMILY = "1,2";
				TEST_HOST = "$(BUILT_PRODUCTS_DIR)/iOS-training.app/$(BUNDLE_EXECUTABLE_FOLDER_PATH)/iOS-training";
			};
			name = Release;
		};
		35DB58F92A5BB42C00EFF284 /* Debug */ = {
			isa = XCBuildConfiguration;
			buildSettings = {
				ALWAYS_EMBED_SWIFT_STANDARD_LIBRARIES = YES;
				CODE_SIGN_STYLE = Automatic;
				CURRENT_PROJECT_VERSION = 1;
				GENERATE_INFOPLIST_FILE = YES;
				MARKETING_VERSION = 1.0;
				PRODUCT_BUNDLE_IDENTIFIER = "com.kota1021.github.iOS-trainingUITests";
				PRODUCT_NAME = "$(TARGET_NAME)";
				SWIFT_EMIT_LOC_STRINGS = NO;
				SWIFT_VERSION = 5.0;
				TARGETED_DEVICE_FAMILY = "1,2";
				TEST_TARGET_NAME = "iOS-training";
			};
			name = Debug;
		};
		35DB58FA2A5BB42C00EFF284 /* Release */ = {
			isa = XCBuildConfiguration;
			buildSettings = {
				ALWAYS_EMBED_SWIFT_STANDARD_LIBRARIES = YES;
				CODE_SIGN_STYLE = Automatic;
				CURRENT_PROJECT_VERSION = 1;
				GENERATE_INFOPLIST_FILE = YES;
				MARKETING_VERSION = 1.0;
				PRODUCT_BUNDLE_IDENTIFIER = "com.kota1021.github.iOS-trainingUITests";
				PRODUCT_NAME = "$(TARGET_NAME)";
				SWIFT_EMIT_LOC_STRINGS = NO;
				SWIFT_VERSION = 5.0;
				TARGETED_DEVICE_FAMILY = "1,2";
				TEST_TARGET_NAME = "iOS-training";
			};
			name = Release;
		};
/* End XCBuildConfiguration section */

/* Begin XCConfigurationList section */
		35DB58C92A5BB42900EFF284 /* Build configuration list for PBXProject "iOS-training" */ = {
			isa = XCConfigurationList;
			buildConfigurations = (
				35DB58F02A5BB42C00EFF284 /* Debug */,
				35DB58F12A5BB42C00EFF284 /* Release */,
			);
			defaultConfigurationIsVisible = 0;
			defaultConfigurationName = Release;
		};
		35DB58F22A5BB42C00EFF284 /* Build configuration list for PBXNativeTarget "iOS-training" */ = {
			isa = XCConfigurationList;
			buildConfigurations = (
				35DB58F32A5BB42C00EFF284 /* Debug */,
				35DB58F42A5BB42C00EFF284 /* Release */,
			);
			defaultConfigurationIsVisible = 0;
			defaultConfigurationName = Release;
		};
		35DB58F52A5BB42C00EFF284 /* Build configuration list for PBXNativeTarget "iOS-trainingTests" */ = {
			isa = XCConfigurationList;
			buildConfigurations = (
				35DB58F62A5BB42C00EFF284 /* Debug */,
				35DB58F72A5BB42C00EFF284 /* Release */,
			);
			defaultConfigurationIsVisible = 0;
			defaultConfigurationName = Release;
		};
		35DB58F82A5BB42C00EFF284 /* Build configuration list for PBXNativeTarget "iOS-trainingUITests" */ = {
			isa = XCConfigurationList;
			buildConfigurations = (
				35DB58F92A5BB42C00EFF284 /* Debug */,
				35DB58FA2A5BB42C00EFF284 /* Release */,
			);
			defaultConfigurationIsVisible = 0;
			defaultConfigurationName = Release;
		};
/* End XCConfigurationList section */

/* Begin XCRemoteSwiftPackageReference section */
		3510B2BD2A5E68EB00ADAD10 /* XCRemoteSwiftPackageReference "ios-training" */ = {
			isa = XCRemoteSwiftPackageReference;
			repositoryURL = "https://github.com/yumemi-inc/ios-training.git";
			requirement = {
				branch = main;
				kind = branch;
			};
		};
		353A7C2F2A5D33840038391A /* XCRemoteSwiftPackageReference "SwiftFormat" */ = {
			isa = XCRemoteSwiftPackageReference;
			repositoryURL = "https://github.com/nicklockwood/SwiftFormat.git";
			requirement = {
				kind = upToNextMajorVersion;
				minimumVersion = 0.51.12;
			};
		};
		35DD0CD22AC694D00083A461 /* XCRemoteSwiftPackageReference "swift-snapshot-testing" */ = {
			isa = XCRemoteSwiftPackageReference;
			repositoryURL = "https://github.com/pointfreeco/swift-snapshot-testing";
			requirement = {
				kind = upToNextMajorVersion;
				minimumVersion = 1.13.0;
			};
		};
/* End XCRemoteSwiftPackageReference section */

/* Begin XCSwiftPackageProductDependency section */
		3510B2BE2A5E68EB00ADAD10 /* YumemiWeather */ = {
			isa = XCSwiftPackageProductDependency;
			package = 3510B2BD2A5E68EB00ADAD10 /* XCRemoteSwiftPackageReference "ios-training" */;
			productName = YumemiWeather;
		};
		353A7C302A5D33840038391A /* SwiftFormat */ = {
			isa = XCSwiftPackageProductDependency;
			package = 353A7C2F2A5D33840038391A /* XCRemoteSwiftPackageReference "SwiftFormat" */;
			productName = SwiftFormat;
		};
		35DD0CD32AC694D00083A461 /* InlineSnapshotTesting */ = {
			isa = XCSwiftPackageProductDependency;
			package = 35DD0CD22AC694D00083A461 /* XCRemoteSwiftPackageReference "swift-snapshot-testing" */;
			productName = InlineSnapshotTesting;
		};
		35DD0CD52AC694D00083A461 /* SnapshotTesting */ = {
			isa = XCSwiftPackageProductDependency;
			package = 35DD0CD22AC694D00083A461 /* XCRemoteSwiftPackageReference "swift-snapshot-testing" */;
			productName = SnapshotTesting;
		};
/* End XCSwiftPackageProductDependency section */
	};
	rootObject = 35DB58C62A5BB42900EFF284 /* Project object */;
}
